
Microsoft Visual Studio Solution File, Format Version 12.00
# Visual Studio Version 17
VisualStudioVersion = 17.3.32929.385
MinimumVisualStudioVersion = 10.0.40219.1
Project("{FAE04EC0-301F-11D3-BF4B-00C04F79EFBC}") = "TextEditor", "TextEditor\TextEditor.csproj", "{90BD5A72-9E99-47FA-9C05-B7AD470A7438}"
EndProject
Global
	GlobalSection(SolutionConfigurationPlatforms) = preSolution
		Debug|Any CPU = Debug|Any CPU
		Release|Any CPU = Release|Any CPU
	EndGlobalSection
	GlobalSection(ProjectConfigurationPlatforms) = postSolution
		{90BD5A72-9E99-47FA-9C05-B7AD470A7438}.Debug|Any CPU.ActiveCfg = Debug|Any CPU
		{90BD5A72-9E99-47FA-9C05-B7AD470A7438}.Debug|Any CPU.Build.0 = Debug|Any CPU
		{90BD5A72-9E99-47FA-9C05-B7AD470A7438}.Release|Any CPU.ActiveCfg = Release|Any CPU
		{90BD5A72-9E99-47FA-9C05-B7AD470A7438}.Release|Any CPU.Build.0 = Release|Any CPU
	EndGlobalSection
	GlobalSection(SolutionProperties) = preSolution
		HideSolutionNode = FALSE
	EndGlobalSection
	GlobalSection(ExtensibilityGlobals) = postSolution
		SolutionGuid = {C649C60D-45DA-44E6-8183-B7935CFDD0E7}
	EndGlobalSection
EndGlobal
